
Microsoft Visual Studio Solution File, Format Version 12.00
# Visual Studio 2017
Project("{FAE04EC0-301F-11D3-BF4B-00C04F79EFBC}") = "PseudoAlienCovertStrike.Plugins", "PseudoAlienCovertStrike.Plugins.csproj", "{55A8AC2B-266E-68E6-F17A-90F9753439DE}"
EndProject
Project("{FAE04EC0-301F-11D3-BF4B-00C04F79EFBC}") = "PseudoAlienCovertStrike", "PseudoAlienCovertStrike.csproj", "{D137664D-16CE-44FA-DC9D-40919BC4FB33}"
EndProject
Project("{FAE04EC0-301F-11D3-BF4B-00C04F79EFBC}") = "PseudoAlienCovertStrike.Editor", "PseudoAlienCovertStrike.Editor.csproj", "{74B1BD4D-A5AC-A4F1-6B19-441AD76F22A4}"
EndProject
Project("{FAE04EC0-301F-11D3-BF4B-00C04F79EFBC}") = "PseudoAlienCovertStrike.Editor.Plugins", "PseudoAlienCovertStrike.Editor.Plugins.csproj", "{8E86AB5F-FA0D-A149-33C7-105016B9F163}"
EndProject
Global
	GlobalSection(SolutionConfigurationPlatforms) = preSolution
		Debug|Any CPU = Debug|Any CPU
		Release|Any CPU = Release|Any CPU
	EndGlobalSection
	GlobalSection(ProjectConfigurationPlatforms) = postSolution
		{55A8AC2B-266E-68E6-F17A-90F9753439DE}.Debug|Any CPU.ActiveCfg = Debug|Any CPU
		{55A8AC2B-266E-68E6-F17A-90F9753439DE}.Debug|Any CPU.Build.0 = Debug|Any CPU
		{55A8AC2B-266E-68E6-F17A-90F9753439DE}.Release|Any CPU.ActiveCfg = Release|Any CPU
		{55A8AC2B-266E-68E6-F17A-90F9753439DE}.Release|Any CPU.Build.0 = Release|Any CPU
		{D137664D-16CE-44FA-DC9D-40919BC4FB33}.Debug|Any CPU.ActiveCfg = Debug|Any CPU
		{D137664D-16CE-44FA-DC9D-40919BC4FB33}.Debug|Any CPU.Build.0 = Debug|Any CPU
		{D137664D-16CE-44FA-DC9D-40919BC4FB33}.Release|Any CPU.ActiveCfg = Release|Any CPU
		{D137664D-16CE-44FA-DC9D-40919BC4FB33}.Release|Any CPU.Build.0 = Release|Any CPU
		{74B1BD4D-A5AC-A4F1-6B19-441AD76F22A4}.Debug|Any CPU.ActiveCfg = Debug|Any CPU
		{74B1BD4D-A5AC-A4F1-6B19-441AD76F22A4}.Debug|Any CPU.Build.0 = Debug|Any CPU
		{74B1BD4D-A5AC-A4F1-6B19-441AD76F22A4}.Release|Any CPU.ActiveCfg = Release|Any CPU
		{74B1BD4D-A5AC-A4F1-6B19-441AD76F22A4}.Release|Any CPU.Build.0 = Release|Any CPU
		{8E86AB5F-FA0D-A149-33C7-105016B9F163}.Debug|Any CPU.ActiveCfg = Debug|Any CPU
		{8E86AB5F-FA0D-A149-33C7-105016B9F163}.Debug|Any CPU.Build.0 = Debug|Any CPU
		{8E86AB5F-FA0D-A149-33C7-105016B9F163}.Release|Any CPU.ActiveCfg = Release|Any CPU
		{8E86AB5F-FA0D-A149-33C7-105016B9F163}.Release|Any CPU.Build.0 = Release|Any CPU
	EndGlobalSection
	GlobalSection(SolutionProperties) = preSolution
		HideSolutionNode = FALSE
	EndGlobalSection
EndGlobal
